
Microsoft Visual Studio Solution File, Format Version 12.00
# Visual Studio Version 16
VisualStudioVersion = 16.0.32228.343
MinimumVisualStudioVersion = 10.0.40219.1
Project("{FAE04EC0-301F-11D3-BF4B-00C04F79EFBC}") = "CPCPipe", "CPCPipe.csproj", "{4AD0BFF7-1729-49AF-B88F-747EA53D4BAF}"
EndProject
Project("{FAE04EC0-301F-11D3-BF4B-00C04F79EFBC}") = "DemoClient", "..\DemoClient\DemoClient.csproj", "{A26618AD-0CEA-4F43-A885-42B6D8A64C4C}"
EndProject
Project("{FAE04EC0-301F-11D3-BF4B-00C04F79EFBC}") = "DemoServer", "..\DemoServer\DemoServer.csproj", "{323A8F71-BFF6-469E-8D1B-8B25AC59B26F}"
EndProject
Global
	GlobalSection(SolutionConfigurationPlatforms) = preSolution
		Debug|Any CPU = Debug|Any CPU
		Release|Any CPU = Release|Any CPU
	EndGlobalSection
	GlobalSection(ProjectConfigurationPlatforms) = postSolution
		{4AD0BFF7-1729-49AF-B88F-747EA53D4BAF}.Debug|Any CPU.ActiveCfg = Debug|Any CPU
		{4AD0BFF7-1729-49AF-B88F-747EA53D4BAF}.Debug|Any CPU.Build.0 = Debug|Any CPU
		{4AD0BFF7-1729-49AF-B88F-747EA53D4BAF}.Release|Any CPU.ActiveCfg = Release|Any CPU
		{4AD0BFF7-1729-49AF-B88F-747EA53D4BAF}.Release|Any CPU.Build.0 = Release|Any CPU
		{A26618AD-0CEA-4F43-A885-42B6D8A64C4C}.Debug|Any CPU.ActiveCfg = Debug|Any CPU
		{A26618AD-0CEA-4F43-A885-42B6D8A64C4C}.Debug|Any CPU.Build.0 = Debug|Any CPU
		{A26618AD-0CEA-4F43-A885-42B6D8A64C4C}.Release|Any CPU.ActiveCfg = Release|Any CPU
		{A26618AD-0CEA-4F43-A885-42B6D8A64C4C}.Release|Any CPU.Build.0 = Release|Any CPU
		{323A8F71-BFF6-469E-8D1B-8B25AC59B26F}.Debug|Any CPU.ActiveCfg = Debug|Any CPU
		{323A8F71-BFF6-469E-8D1B-8B25AC59B26F}.Debug|Any CPU.Build.0 = Debug|Any CPU
		{323A8F71-BFF6-469E-8D1B-8B25AC59B26F}.Release|Any CPU.ActiveCfg = Release|Any CPU
		{323A8F71-BFF6-469E-8D1B-8B25AC59B26F}.Release|Any CPU.Build.0 = Release|Any CPU
	EndGlobalSection
	GlobalSection(SolutionProperties) = preSolution
		HideSolutionNode = FALSE
	EndGlobalSection
	GlobalSection(ExtensibilityGlobals) = postSolution
		SolutionGuid = {2C750163-832A-45C4-B27C-F23B1BD0B5A4}
	EndGlobalSection
EndGlobal
